// !$*UTF8*$!
{
	archiveVersion = 1;
	classes = {
	};
	objectVersion = 55;
	objects = {

/* Begin PBXBuildFile section */
		6811AF935A0EEEF07649E569 /* Pods_WeatherAppTests.framework in Frameworks */ = {isa = PBXBuildFile; fileRef = BE821A5B563A862CFADB26DF /* Pods_WeatherAppTests.framework */; };
		73A0DEE13714979642F34C49 /* Pods_WeatherApp.framework in Frameworks */ = {isa = PBXBuildFile; fileRef = A1D281C56847F4E8698DEDF0 /* Pods_WeatherApp.framework */; };
		845369592868F7FA00DFB329 /* HoursCollectionViewCell.swift in Sources */ = {isa = PBXBuildFile; fileRef = 845369582868F7FA00DFB329 /* HoursCollectionViewCell.swift */; };
		8498D8542864ACDD00B39BF0 /* AppDelegate.swift in Sources */ = {isa = PBXBuildFile; fileRef = 8498D8532864ACDD00B39BF0 /* AppDelegate.swift */; };
		8498D8562864ACDD00B39BF0 /* SceneDelegate.swift in Sources */ = {isa = PBXBuildFile; fileRef = 8498D8552864ACDD00B39BF0 /* SceneDelegate.swift */; };
		8498D8582864ACDD00B39BF0 /* HomeViewController.swift in Sources */ = {isa = PBXBuildFile; fileRef = 8498D8572864ACDD00B39BF0 /* HomeViewController.swift */; };
		8498D85B2864ACDD00B39BF0 /* Main.storyboard in Resources */ = {isa = PBXBuildFile; fileRef = 8498D8592864ACDD00B39BF0 /* Main.storyboard */; };
		8498D85D2864ACE100B39BF0 /* Assets.xcassets in Resources */ = {isa = PBXBuildFile; fileRef = 8498D85C2864ACE100B39BF0 /* Assets.xcassets */; };
		8498D8602864ACE100B39BF0 /* LaunchScreen.storyboard in Resources */ = {isa = PBXBuildFile; fileRef = 8498D85E2864ACE100B39BF0 /* LaunchScreen.storyboard */; };
		8498D86B2864ACE100B39BF0 /* WeatherAppTests.swift in Sources */ = {isa = PBXBuildFile; fileRef = 8498D86A2864ACE100B39BF0 /* WeatherAppTests.swift */; };
		8498D8752864ACE100B39BF0 /* WeatherAppUITests.swift in Sources */ = {isa = PBXBuildFile; fileRef = 8498D8742864ACE100B39BF0 /* WeatherAppUITests.swift */; };
		8498D8772864ACE100B39BF0 /* WeatherAppUITestsLaunchTests.swift in Sources */ = {isa = PBXBuildFile; fileRef = 8498D8762864ACE100B39BF0 /* WeatherAppUITestsLaunchTests.swift */; };
		8498D88C2864B0A600B39BF0 /* Weather.swift in Sources */ = {isa = PBXBuildFile; fileRef = 8498D88B2864B0A600B39BF0 /* Weather.swift */; };
		8498D88E2864B19F00B39BF0 /* List.swift in Sources */ = {isa = PBXBuildFile; fileRef = 8498D88D2864B19F00B39BF0 /* List.swift */; };
		8498D8902864B1AE00B39BF0 /* City.swift in Sources */ = {isa = PBXBuildFile; fileRef = 8498D88F2864B1AE00B39BF0 /* City.swift */; };
		8498D8952864B70200B39BF0 /* Temperature.swift in Sources */ = {isa = PBXBuildFile; fileRef = 8498D8942864B70200B39BF0 /* Temperature.swift */; };
		8498D8972864B71700B39BF0 /* WeatherDescription.swift in Sources */ = {isa = PBXBuildFile; fileRef = 8498D8962864B71700B39BF0 /* WeatherDescription.swift */; };
		8498D89C2864BC8800B39BF0 /* WeatherViewModel.swift in Sources */ = {isa = PBXBuildFile; fileRef = 8498D89B2864BC8800B39BF0 /* WeatherViewModel.swift */; };
		8498D89F2864BCD100B39BF0 /* Bindable.swift in Sources */ = {isa = PBXBuildFile; fileRef = 8498D89E2864BCD100B39BF0 /* Bindable.swift */; };
		8498D8A12864BD3D00B39BF0 /* MockURLSession.swift in Sources */ = {isa = PBXBuildFile; fileRef = 8498D8A02864BD3C00B39BF0 /* MockURLSession.swift */; };
		8498D8A32864BF7900B39BF0 /* Constants.swift in Sources */ = {isa = PBXBuildFile; fileRef = 8498D8A22864BF7900B39BF0 /* Constants.swift */; };
		8498D8A52864C09500B39BF0 /* NetworkManager.swift in Sources */ = {isa = PBXBuildFile; fileRef = 8498D8A42864C09500B39BF0 /* NetworkManager.swift */; };
		8498D8A72864DE8800B39BF0 /* WeatherTableViewCell.swift in Sources */ = {isa = PBXBuildFile; fileRef = 8498D8A62864DE8800B39BF0 /* WeatherTableViewCell.swift */; };
		84D932E728668813004CA593 /* .swiftlint.yml in Resources */ = {isa = PBXBuildFile; fileRef = 84D932E628668813004CA593 /* .swiftlint.yml */; };
		AFDBD6FA6A0AEC364FE28363 /* Pods_WeatherApp_WeatherAppUITests.framework in Frameworks */ = {isa = PBXBuildFile; fileRef = 32BA7F52CF8CFA1A8F20D03F /* Pods_WeatherApp_WeatherAppUITests.framework */; };
/* End PBXBuildFile section */

/* Begin PBXContainerItemProxy section */
		8498D8672864ACE100B39BF0 /* PBXContainerItemProxy */ = {
			isa = PBXContainerItemProxy;
			containerPortal = 8498D8482864ACDD00B39BF0 /* Project object */;
			proxyType = 1;
			remoteGlobalIDString = 8498D84F2864ACDD00B39BF0;
			remoteInfo = weatherApp;
		};
		8498D8712864ACE100B39BF0 /* PBXContainerItemProxy */ = {
			isa = PBXContainerItemProxy;
			containerPortal = 8498D8482864ACDD00B39BF0 /* Project object */;
			proxyType = 1;
			remoteGlobalIDString = 8498D84F2864ACDD00B39BF0;
			remoteInfo = weatherApp;
		};
/* End PBXContainerItemProxy section */

/* Begin PBXFileReference section */
		32BA7F52CF8CFA1A8F20D03F /* Pods_WeatherApp_WeatherAppUITests.framework */ = {isa = PBXFileReference; explicitFileType = wrapper.framework; includeInIndex = 0; path = Pods_WeatherApp_WeatherAppUITests.framework; sourceTree = BUILT_PRODUCTS_DIR; };
		80CD038C43A037AAA519C89C /* Pods-WeatherApp-WeatherAppUITests.debug.xcconfig */ = {isa = PBXFileReference; includeInIndex = 1; lastKnownFileType = text.xcconfig; name = "Pods-WeatherApp-WeatherAppUITests.debug.xcconfig"; path = "Target Support Files/Pods-WeatherApp-WeatherAppUITests/Pods-WeatherApp-WeatherAppUITests.debug.xcconfig"; sourceTree = "<group>"; };
		845369582868F7FA00DFB329 /* HoursCollectionViewCell.swift */ = {isa = PBXFileReference; lastKnownFileType = sourcecode.swift; path = HoursCollectionViewCell.swift; sourceTree = "<group>"; };
		8498D8502864ACDD00B39BF0 /* WeatherApp.app */ = {isa = PBXFileReference; explicitFileType = wrapper.application; includeInIndex = 0; path = WeatherApp.app; sourceTree = BUILT_PRODUCTS_DIR; };
		8498D8532864ACDD00B39BF0 /* AppDelegate.swift */ = {isa = PBXFileReference; lastKnownFileType = sourcecode.swift; path = AppDelegate.swift; sourceTree = "<group>"; };
		8498D8552864ACDD00B39BF0 /* SceneDelegate.swift */ = {isa = PBXFileReference; lastKnownFileType = sourcecode.swift; path = SceneDelegate.swift; sourceTree = "<group>"; };
		8498D8572864ACDD00B39BF0 /* HomeViewController.swift */ = {isa = PBXFileReference; lastKnownFileType = sourcecode.swift; path = HomeViewController.swift; sourceTree = "<group>"; };
		8498D85A2864ACDD00B39BF0 /* Base */ = {isa = PBXFileReference; lastKnownFileType = file.storyboard; name = Base; path = Base.lproj/Main.storyboard; sourceTree = "<group>"; };
		8498D85C2864ACE100B39BF0 /* Assets.xcassets */ = {isa = PBXFileReference; lastKnownFileType = folder.assetcatalog; path = Assets.xcassets; sourceTree = "<group>"; };
		8498D85F2864ACE100B39BF0 /* Base */ = {isa = PBXFileReference; lastKnownFileType = file.storyboard; name = Base; path = Base.lproj/LaunchScreen.storyboard; sourceTree = "<group>"; };
		8498D8612864ACE100B39BF0 /* Info.plist */ = {isa = PBXFileReference; lastKnownFileType = text.plist.xml; path = Info.plist; sourceTree = "<group>"; };
		8498D8662864ACE100B39BF0 /* WeatherAppTests.xctest */ = {isa = PBXFileReference; explicitFileType = wrapper.cfbundle; includeInIndex = 0; path = WeatherAppTests.xctest; sourceTree = BUILT_PRODUCTS_DIR; };
		8498D86A2864ACE100B39BF0 /* WeatherAppTests.swift */ = {isa = PBXFileReference; lastKnownFileType = sourcecode.swift; path = WeatherAppTests.swift; sourceTree = "<group>"; };
		8498D8702864ACE100B39BF0 /* WeatherAppUITests.xctest */ = {isa = PBXFileReference; explicitFileType = wrapper.cfbundle; includeInIndex = 0; path = WeatherAppUITests.xctest; sourceTree = BUILT_PRODUCTS_DIR; };
		8498D8742864ACE100B39BF0 /* WeatherAppUITests.swift */ = {isa = PBXFileReference; lastKnownFileType = sourcecode.swift; path = WeatherAppUITests.swift; sourceTree = "<group>"; };
		8498D8762864ACE100B39BF0 /* WeatherAppUITestsLaunchTests.swift */ = {isa = PBXFileReference; lastKnownFileType = sourcecode.swift; path = WeatherAppUITestsLaunchTests.swift; sourceTree = "<group>"; };
		8498D88B2864B0A600B39BF0 /* Weather.swift */ = {isa = PBXFileReference; lastKnownFileType = sourcecode.swift; path = Weather.swift; sourceTree = "<group>"; };
		8498D88D2864B19F00B39BF0 /* List.swift */ = {isa = PBXFileReference; lastKnownFileType = sourcecode.swift; path = List.swift; sourceTree = "<group>"; };
		8498D88F2864B1AE00B39BF0 /* City.swift */ = {isa = PBXFileReference; lastKnownFileType = sourcecode.swift; path = City.swift; sourceTree = "<group>"; };
		8498D8942864B70200B39BF0 /* Temperature.swift */ = {isa = PBXFileReference; lastKnownFileType = sourcecode.swift; path = Temperature.swift; sourceTree = "<group>"; };
		8498D8962864B71700B39BF0 /* WeatherDescription.swift */ = {isa = PBXFileReference; lastKnownFileType = sourcecode.swift; path = WeatherDescription.swift; sourceTree = "<group>"; };
		8498D89B2864BC8800B39BF0 /* WeatherViewModel.swift */ = {isa = PBXFileReference; lastKnownFileType = sourcecode.swift; path = WeatherViewModel.swift; sourceTree = "<group>"; };
		8498D89E2864BCD100B39BF0 /* Bindable.swift */ = {isa = PBXFileReference; lastKnownFileType = sourcecode.swift; path = Bindable.swift; sourceTree = "<group>"; };
		8498D8A02864BD3C00B39BF0 /* MockURLSession.swift */ = {isa = PBXFileReference; lastKnownFileType = sourcecode.swift; path = MockURLSession.swift; sourceTree = "<group>"; };
		8498D8A22864BF7900B39BF0 /* Constants.swift */ = {isa = PBXFileReference; lastKnownFileType = sourcecode.swift; path = Constants.swift; sourceTree = "<group>"; };
		8498D8A42864C09500B39BF0 /* NetworkManager.swift */ = {isa = PBXFileReference; lastKnownFileType = sourcecode.swift; path = NetworkManager.swift; sourceTree = "<group>"; };
		8498D8A62864DE8800B39BF0 /* WeatherTableViewCell.swift */ = {isa = PBXFileReference; lastKnownFileType = sourcecode.swift; path = WeatherTableViewCell.swift; sourceTree = "<group>"; };
		84D932E628668813004CA593 /* .swiftlint.yml */ = {isa = PBXFileReference; lastKnownFileType = text.yaml; path = .swiftlint.yml; sourceTree = "<group>"; };
		85842944A5597A6A13247B95 /* Pods-WeatherApp-WeatherAppUITests.release.xcconfig */ = {isa = PBXFileReference; includeInIndex = 1; lastKnownFileType = text.xcconfig; name = "Pods-WeatherApp-WeatherAppUITests.release.xcconfig"; path = "Target Support Files/Pods-WeatherApp-WeatherAppUITests/Pods-WeatherApp-WeatherAppUITests.release.xcconfig"; sourceTree = "<group>"; };
		A1D281C56847F4E8698DEDF0 /* Pods_WeatherApp.framework */ = {isa = PBXFileReference; explicitFileType = wrapper.framework; includeInIndex = 0; path = Pods_WeatherApp.framework; sourceTree = BUILT_PRODUCTS_DIR; };
		BE821A5B563A862CFADB26DF /* Pods_WeatherAppTests.framework */ = {isa = PBXFileReference; explicitFileType = wrapper.framework; includeInIndex = 0; path = Pods_WeatherAppTests.framework; sourceTree = BUILT_PRODUCTS_DIR; };
		CD1F77767B15AE2B2274CC7F /* Pods-WeatherApp.release.xcconfig */ = {isa = PBXFileReference; includeInIndex = 1; lastKnownFileType = text.xcconfig; name = "Pods-WeatherApp.release.xcconfig"; path = "Target Support Files/Pods-WeatherApp/Pods-WeatherApp.release.xcconfig"; sourceTree = "<group>"; };
		D75AE4910F4A181E42B55F41 /* Pods-WeatherAppTests.release.xcconfig */ = {isa = PBXFileReference; includeInIndex = 1; lastKnownFileType = text.xcconfig; name = "Pods-WeatherAppTests.release.xcconfig"; path = "Target Support Files/Pods-WeatherAppTests/Pods-WeatherAppTests.release.xcconfig"; sourceTree = "<group>"; };
		E0F497AB0EEED80346BE7DF6 /* Pods-WeatherApp.debug.xcconfig */ = {isa = PBXFileReference; includeInIndex = 1; lastKnownFileType = text.xcconfig; name = "Pods-WeatherApp.debug.xcconfig"; path = "Target Support Files/Pods-WeatherApp/Pods-WeatherApp.debug.xcconfig"; sourceTree = "<group>"; };
		EC0F00FCBDA5A650ACDE39AB /* Pods-WeatherAppTests.debug.xcconfig */ = {isa = PBXFileReference; includeInIndex = 1; lastKnownFileType = text.xcconfig; name = "Pods-WeatherAppTests.debug.xcconfig"; path = "Target Support Files/Pods-WeatherAppTests/Pods-WeatherAppTests.debug.xcconfig"; sourceTree = "<group>"; };
/* End PBXFileReference section */

/* Begin PBXFrameworksBuildPhase section */
		8498D84D2864ACDD00B39BF0 /* Frameworks */ = {
			isa = PBXFrameworksBuildPhase;
			buildActionMask = 2147483647;
			files = (
				73A0DEE13714979642F34C49 /* Pods_WeatherApp.framework in Frameworks */,
			);
			runOnlyForDeploymentPostprocessing = 0;
		};
		8498D8632864ACE100B39BF0 /* Frameworks */ = {
			isa = PBXFrameworksBuildPhase;
			buildActionMask = 2147483647;
			files = (
				6811AF935A0EEEF07649E569 /* Pods_WeatherAppTests.framework in Frameworks */,
			);
			runOnlyForDeploymentPostprocessing = 0;
		};
		8498D86D2864ACE100B39BF0 /* Frameworks */ = {
			isa = PBXFrameworksBuildPhase;
			buildActionMask = 2147483647;
			files = (
				AFDBD6FA6A0AEC364FE28363 /* Pods_WeatherApp_WeatherAppUITests.framework in Frameworks */,
			);
			runOnlyForDeploymentPostprocessing = 0;
		};
/* End PBXFrameworksBuildPhase section */

/* Begin PBXGroup section */
		215A9E814FB42D60E6F44936 /* Pods */ = {
			isa = PBXGroup;
			children = (
				E0F497AB0EEED80346BE7DF6 /* Pods-WeatherApp.debug.xcconfig */,
				CD1F77767B15AE2B2274CC7F /* Pods-WeatherApp.release.xcconfig */,
				80CD038C43A037AAA519C89C /* Pods-WeatherApp-WeatherAppUITests.debug.xcconfig */,
				85842944A5597A6A13247B95 /* Pods-WeatherApp-WeatherAppUITests.release.xcconfig */,
				EC0F00FCBDA5A650ACDE39AB /* Pods-WeatherAppTests.debug.xcconfig */,
				D75AE4910F4A181E42B55F41 /* Pods-WeatherAppTests.release.xcconfig */,
			);
			path = Pods;
			sourceTree = "<group>";
		};
		43EF1B9C2355AEAEAE6442AB /* Frameworks */ = {
			isa = PBXGroup;
			children = (
				A1D281C56847F4E8698DEDF0 /* Pods_WeatherApp.framework */,
				32BA7F52CF8CFA1A8F20D03F /* Pods_WeatherApp_WeatherAppUITests.framework */,
				BE821A5B563A862CFADB26DF /* Pods_WeatherAppTests.framework */,
			);
			name = Frameworks;
			sourceTree = "<group>";
		};
		8498D8472864ACDD00B39BF0 = {
			isa = PBXGroup;
			children = (
				84D932E628668813004CA593 /* .swiftlint.yml */,
				8498D8522864ACDD00B39BF0 /* WeatherApp */,
				8498D8692864ACE100B39BF0 /* WeatherAppTests */,
				8498D8732864ACE100B39BF0 /* WeatherAppUITests */,
				8498D8512864ACDD00B39BF0 /* Products */,
				215A9E814FB42D60E6F44936 /* Pods */,
				43EF1B9C2355AEAEAE6442AB /* Frameworks */,
			);
			sourceTree = "<group>";
		};
		8498D8512864ACDD00B39BF0 /* Products */ = {
			isa = PBXGroup;
			children = (
				8498D8502864ACDD00B39BF0 /* WeatherApp.app */,
				8498D8662864ACE100B39BF0 /* WeatherAppTests.xctest */,
				8498D8702864ACE100B39BF0 /* WeatherAppUITests.xctest */,
			);
			name = Products;
			sourceTree = "<group>";
		};
		8498D8522864ACDD00B39BF0 /* WeatherApp */ = {
			isa = PBXGroup;
			children = (
				8498D89D2864BCB300B39BF0 /* Utilities */,
				8498D88A2864AF0B00B39BF0 /* View */,
				8498D8892864AEE000B39BF0 /* Controllers */,
				8498D8882864AED400B39BF0 /* View Models */,
				8498D8872864AEB800B39BF0 /* Models */,
				8498D8532864ACDD00B39BF0 /* AppDelegate.swift */,
				8498D8552864ACDD00B39BF0 /* SceneDelegate.swift */,
				8498D85C2864ACE100B39BF0 /* Assets.xcassets */,
				8498D8612864ACE100B39BF0 /* Info.plist */,
			);
			path = WeatherApp;
			sourceTree = "<group>";
		};
		8498D8692864ACE100B39BF0 /* WeatherAppTests */ = {
			isa = PBXGroup;
			children = (
				8498D86A2864ACE100B39BF0 /* WeatherAppTests.swift */,
			);
			path = WeatherAppTests;
			sourceTree = "<group>";
		};
		8498D8732864ACE100B39BF0 /* WeatherAppUITests */ = {
			isa = PBXGroup;
			children = (
				8498D8742864ACE100B39BF0 /* WeatherAppUITests.swift */,
				8498D8762864ACE100B39BF0 /* WeatherAppUITestsLaunchTests.swift */,
			);
			path = WeatherAppUITests;
			sourceTree = "<group>";
		};
		8498D8872864AEB800B39BF0 /* Models */ = {
			isa = PBXGroup;
			children = (
				8498D88B2864B0A600B39BF0 /* Weather.swift */,
				8498D88D2864B19F00B39BF0 /* List.swift */,
				8498D88F2864B1AE00B39BF0 /* City.swift */,
				8498D8942864B70200B39BF0 /* Temperature.swift */,
				8498D8962864B71700B39BF0 /* WeatherDescription.swift */,
			);
			path = Models;
			sourceTree = "<group>";
		};
		8498D8882864AED400B39BF0 /* View Models */ = {
			isa = PBXGroup;
			children = (
				8498D8982864BB7800B39BF0 /* Services */,
				8498D89B2864BC8800B39BF0 /* WeatherViewModel.swift */,
			);
			path = "View Models";
			sourceTree = "<group>";
		};
		8498D8892864AEE000B39BF0 /* Controllers */ = {
			isa = PBXGroup;
			children = (
				8498D8572864ACDD00B39BF0 /* HomeViewController.swift */,
				8498D8A62864DE8800B39BF0 /* WeatherTableViewCell.swift */,
				845369582868F7FA00DFB329 /* HoursCollectionViewCell.swift */,
			);
			path = Controllers;
			sourceTree = "<group>";
		};
		8498D88A2864AF0B00B39BF0 /* View */ = {
			isa = PBXGroup;
			children = (
				8498D8592864ACDD00B39BF0 /* Main.storyboard */,
				8498D85E2864ACE100B39BF0 /* LaunchScreen.storyboard */,
			);
			path = View;
			sourceTree = "<group>";
		};
		8498D8982864BB7800B39BF0 /* Services */ = {
			isa = PBXGroup;
			children = (
				8498D8A42864C09500B39BF0 /* NetworkManager.swift */,
			);
			path = Services;
			sourceTree = "<group>";
		};
		8498D89D2864BCB300B39BF0 /* Utilities */ = {
			isa = PBXGroup;
			children = (
				8498D89E2864BCD100B39BF0 /* Bindable.swift */,
				8498D8A02864BD3C00B39BF0 /* MockURLSession.swift */,
				8498D8A22864BF7900B39BF0 /* Constants.swift */,
			);
			path = Utilities;
			sourceTree = "<group>";
		};
/* End PBXGroup section */

/* Begin PBXNativeTarget section */
		8498D84F2864ACDD00B39BF0 /* WeatherApp */ = {
			isa = PBXNativeTarget;
			buildConfigurationList = 8498D87A2864ACE100B39BF0 /* Build configuration list for PBXNativeTarget "WeatherApp" */;
			buildPhases = (
				E0071DB682A83A2A76127508 /* [CP] Check Pods Manifest.lock */,
				8498D84C2864ACDD00B39BF0 /* Sources */,
				8498D84D2864ACDD00B39BF0 /* Frameworks */,
				8498D84E2864ACDD00B39BF0 /* Resources */,
				8498D8912864B29700B39BF0 /* ShellScript */,
			);
			buildRules = (
			);
			dependencies = (
			);
			name = WeatherApp;
			productName = weatherApp;
			productReference = 8498D8502864ACDD00B39BF0 /* WeatherApp.app */;
			productType = "com.apple.product-type.application";
		};
		8498D8652864ACE100B39BF0 /* WeatherAppTests */ = {
			isa = PBXNativeTarget;
			buildConfigurationList = 8498D87D2864ACE100B39BF0 /* Build configuration list for PBXNativeTarget "WeatherAppTests" */;
			buildPhases = (
				A70E00EB97C767D1C843F3BC /* [CP] Check Pods Manifest.lock */,
				8498D8622864ACE100B39BF0 /* Sources */,
				8498D8632864ACE100B39BF0 /* Frameworks */,
				8498D8642864ACE100B39BF0 /* Resources */,
			);
			buildRules = (
			);
			dependencies = (
				8498D8682864ACE100B39BF0 /* PBXTargetDependency */,
			);
			name = WeatherAppTests;
			productName = weatherAppTests;
			productReference = 8498D8662864ACE100B39BF0 /* WeatherAppTests.xctest */;
			productType = "com.apple.product-type.bundle.unit-test";
		};
		8498D86F2864ACE100B39BF0 /* WeatherAppUITests */ = {
			isa = PBXNativeTarget;
			buildConfigurationList = 8498D8802864ACE100B39BF0 /* Build configuration list for PBXNativeTarget "WeatherAppUITests" */;
			buildPhases = (
				91D47CA924DF8D4355BA6EE5 /* [CP] Check Pods Manifest.lock */,
				8498D86C2864ACE100B39BF0 /* Sources */,
				8498D86D2864ACE100B39BF0 /* Frameworks */,
				8498D86E2864ACE100B39BF0 /* Resources */,
			);
			buildRules = (
			);
			dependencies = (
				8498D8722864ACE100B39BF0 /* PBXTargetDependency */,
			);
			name = WeatherAppUITests;
			productName = weatherAppUITests;
			productReference = 8498D8702864ACE100B39BF0 /* WeatherAppUITests.xctest */;
			productType = "com.apple.product-type.bundle.ui-testing";
		};
/* End PBXNativeTarget section */

/* Begin PBXProject section */
		8498D8482864ACDD00B39BF0 /* Project object */ = {
			isa = PBXProject;
			attributes = {
				BuildIndependentTargetsInParallel = 1;
				LastSwiftUpdateCheck = 1320;
				LastUpgradeCheck = 1320;
				TargetAttributes = {
					8498D84F2864ACDD00B39BF0 = {
						CreatedOnToolsVersion = 13.2.1;
					};
					8498D8652864ACE100B39BF0 = {
						CreatedOnToolsVersion = 13.2.1;
						TestTargetID = 8498D84F2864ACDD00B39BF0;
					};
					8498D86F2864ACE100B39BF0 = {
						CreatedOnToolsVersion = 13.2.1;
						TestTargetID = 8498D84F2864ACDD00B39BF0;
					};
				};
			};
			buildConfigurationList = 8498D84B2864ACDD00B39BF0 /* Build configuration list for PBXProject "WeatherApp" */;
			compatibilityVersion = "Xcode 13.0";
			developmentRegion = en;
			hasScannedForEncodings = 0;
			knownRegions = (
				en,
				Base,
			);
			mainGroup = 8498D8472864ACDD00B39BF0;
			productRefGroup = 8498D8512864ACDD00B39BF0 /* Products */;
			projectDirPath = "";
			projectRoot = "";
			targets = (
				8498D84F2864ACDD00B39BF0 /* WeatherApp */,
				8498D8652864ACE100B39BF0 /* WeatherAppTests */,
				8498D86F2864ACE100B39BF0 /* WeatherAppUITests */,
			);
		};
/* End PBXProject section */

/* Begin PBXResourcesBuildPhase section */
		8498D84E2864ACDD00B39BF0 /* Resources */ = {
			isa = PBXResourcesBuildPhase;
			buildActionMask = 2147483647;
			files = (
				84D932E728668813004CA593 /* .swiftlint.yml in Resources */,
				8498D8602864ACE100B39BF0 /* LaunchScreen.storyboard in Resources */,
				8498D85D2864ACE100B39BF0 /* Assets.xcassets in Resources */,
				8498D85B2864ACDD00B39BF0 /* Main.storyboard in Resources */,
			);
			runOnlyForDeploymentPostprocessing = 0;
		};
		8498D8642864ACE100B39BF0 /* Resources */ = {
			isa = PBXResourcesBuildPhase;
			buildActionMask = 2147483647;
			files = (
			);
			runOnlyForDeploymentPostprocessing = 0;
		};
		8498D86E2864ACE100B39BF0 /* Resources */ = {
			isa = PBXResourcesBuildPhase;
			buildActionMask = 2147483647;
			files = (
			);
			runOnlyForDeploymentPostprocessing = 0;
		};
/* End PBXResourcesBuildPhase section */

/* Begin PBXShellScriptBuildPhase section */
		8498D8912864B29700B39BF0 /* ShellScript */ = {
			isa = PBXShellScriptBuildPhase;
			buildActionMask = 2147483647;
			files = (
			);
			inputFileListPaths = (
			);
			inputPaths = (
			);
			outputFileListPaths = (
			);
			outputPaths = (
			);
			runOnlyForDeploymentPostprocessing = 0;
			shellPath = /bin/sh;
			shellScript = "\"${PODS_ROOT}/SwiftLint/swiftlint\"\n";
		};
		91D47CA924DF8D4355BA6EE5 /* [CP] Check Pods Manifest.lock */ = {
			isa = PBXShellScriptBuildPhase;
			buildActionMask = 2147483647;
			files = (
			);
			inputFileListPaths = (
			);
			inputPaths = (
				"${PODS_PODFILE_DIR_PATH}/Podfile.lock",
				"${PODS_ROOT}/Manifest.lock",
			);
			name = "[CP] Check Pods Manifest.lock";
			outputFileListPaths = (
			);
			outputPaths = (
				"$(DERIVED_FILE_DIR)/Pods-WeatherApp-WeatherAppUITests-checkManifestLockResult.txt",
			);
			runOnlyForDeploymentPostprocessing = 0;
			shellPath = /bin/sh;
			shellScript = "diff \"${PODS_PODFILE_DIR_PATH}/Podfile.lock\" \"${PODS_ROOT}/Manifest.lock\" > /dev/null\nif [ $? != 0 ] ; then\n    # print error to STDERR\n    echo \"error: The sandbox is not in sync with the Podfile.lock. Run 'pod install' or update your CocoaPods installation.\" >&2\n    exit 1\nfi\n# This output is used by Xcode 'outputs' to avoid re-running this script phase.\necho \"SUCCESS\" > \"${SCRIPT_OUTPUT_FILE_0}\"\n";
			showEnvVarsInLog = 0;
		};
		A70E00EB97C767D1C843F3BC /* [CP] Check Pods Manifest.lock */ = {
			isa = PBXShellScriptBuildPhase;
			buildActionMask = 2147483647;
			files = (
			);
			inputFileListPaths = (
			);
			inputPaths = (
				"${PODS_PODFILE_DIR_PATH}/Podfile.lock",
				"${PODS_ROOT}/Manifest.lock",
			);
			name = "[CP] Check Pods Manifest.lock";
			outputFileListPaths = (
			);
			outputPaths = (
				"$(DERIVED_FILE_DIR)/Pods-WeatherAppTests-checkManifestLockResult.txt",
			);
			runOnlyForDeploymentPostprocessing = 0;
			shellPath = /bin/sh;
			shellScript = "diff \"${PODS_PODFILE_DIR_PATH}/Podfile.lock\" \"${PODS_ROOT}/Manifest.lock\" > /dev/null\nif [ $? != 0 ] ; then\n    # print error to STDERR\n    echo \"error: The sandbox is not in sync with the Podfile.lock. Run 'pod install' or update your CocoaPods installation.\" >&2\n    exit 1\nfi\n# This output is used by Xcode 'outputs' to avoid re-running this script phase.\necho \"SUCCESS\" > \"${SCRIPT_OUTPUT_FILE_0}\"\n";
			showEnvVarsInLog = 0;
		};
		E0071DB682A83A2A76127508 /* [CP] Check Pods Manifest.lock */ = {
			isa = PBXShellScriptBuildPhase;
			buildActionMask = 2147483647;
			files = (
			);
			inputFileListPaths = (
			);
			inputPaths = (
				"${PODS_PODFILE_DIR_PATH}/Podfile.lock",
				"${PODS_ROOT}/Manifest.lock",
			);
			name = "[CP] Check Pods Manifest.lock";
			outputFileListPaths = (
			);
			outputPaths = (
				"$(DERIVED_FILE_DIR)/Pods-WeatherApp-checkManifestLockResult.txt",
			);
			runOnlyForDeploymentPostprocessing = 0;
			shellPath = /bin/sh;
			shellScript = "diff \"${PODS_PODFILE_DIR_PATH}/Podfile.lock\" \"${PODS_ROOT}/Manifest.lock\" > /dev/null\nif [ $? != 0 ] ; then\n    # print error to STDERR\n    echo \"error: The sandbox is not in sync with the Podfile.lock. Run 'pod install' or update your CocoaPods installation.\" >&2\n    exit 1\nfi\n# This output is used by Xcode 'outputs' to avoid re-running this script phase.\necho \"SUCCESS\" > \"${SCRIPT_OUTPUT_FILE_0}\"\n";
			showEnvVarsInLog = 0;
		};
/* End PBXShellScriptBuildPhase section */

/* Begin PBXSourcesBuildPhase section */
		8498D84C2864ACDD00B39BF0 /* Sources */ = {
			isa = PBXSourcesBuildPhase;
			buildActionMask = 2147483647;
			files = (
				8498D8A12864BD3D00B39BF0 /* MockURLSession.swift in Sources */,
				8498D8972864B71700B39BF0 /* WeatherDescription.swift in Sources */,
				8498D8A72864DE8800B39BF0 /* WeatherTableViewCell.swift in Sources */,
				8498D88C2864B0A600B39BF0 /* Weather.swift in Sources */,
				8498D8582864ACDD00B39BF0 /* HomeViewController.swift in Sources */,
				8498D8902864B1AE00B39BF0 /* City.swift in Sources */,
				8498D89F2864BCD100B39BF0 /* Bindable.swift in Sources */,
				8498D8A32864BF7900B39BF0 /* Constants.swift in Sources */,
				8498D89C2864BC8800B39BF0 /* WeatherViewModel.swift in Sources */,
				8498D8542864ACDD00B39BF0 /* AppDelegate.swift in Sources */,
				8498D8A52864C09500B39BF0 /* NetworkManager.swift in Sources */,
				8498D88E2864B19F00B39BF0 /* List.swift in Sources */,
				845369592868F7FA00DFB329 /* HoursCollectionViewCell.swift in Sources */,
				8498D8952864B70200B39BF0 /* Temperature.swift in Sources */,
				8498D8562864ACDD00B39BF0 /* SceneDelegate.swift in Sources */,
			);
			runOnlyForDeploymentPostprocessing = 0;
		};
		8498D8622864ACE100B39BF0 /* Sources */ = {
			isa = PBXSourcesBuildPhase;
			buildActionMask = 2147483647;
			files = (
				8498D86B2864ACE100B39BF0 /* WeatherAppTests.swift in Sources */,
			);
			runOnlyForDeploymentPostprocessing = 0;
		};
		8498D86C2864ACE100B39BF0 /* Sources */ = {
			isa = PBXSourcesBuildPhase;
			buildActionMask = 2147483647;
			files = (
				8498D8752864ACE100B39BF0 /* WeatherAppUITests.swift in Sources */,
				8498D8772864ACE100B39BF0 /* WeatherAppUITestsLaunchTests.swift in Sources */,
			);
			runOnlyForDeploymentPostprocessing = 0;
		};
/* End PBXSourcesBuildPhase section */

/* Begin PBXTargetDependency section */
		8498D8682864ACE100B39BF0 /* PBXTargetDependency */ = {
			isa = PBXTargetDependency;
			target = 8498D84F2864ACDD00B39BF0 /* WeatherApp */;
			targetProxy = 8498D8672864ACE100B39BF0 /* PBXContainerItemProxy */;
		};
		8498D8722864ACE100B39BF0 /* PBXTargetDependency */ = {
			isa = PBXTargetDependency;
			target = 8498D84F2864ACDD00B39BF0 /* WeatherApp */;
			targetProxy = 8498D8712864ACE100B39BF0 /* PBXContainerItemProxy */;
		};
/* End PBXTargetDependency section */

/* Begin PBXVariantGroup section */
		8498D8592864ACDD00B39BF0 /* Main.storyboard */ = {
			isa = PBXVariantGroup;
			children = (
				8498D85A2864ACDD00B39BF0 /* Base */,
			);
			name = Main.storyboard;
			sourceTree = "<group>";
		};
		8498D85E2864ACE100B39BF0 /* LaunchScreen.storyboard */ = {
			isa = PBXVariantGroup;
			children = (
				8498D85F2864ACE100B39BF0 /* Base */,
			);
			name = LaunchScreen.storyboard;
			sourceTree = "<group>";
		};
/* End PBXVariantGroup section */

/* Begin XCBuildConfiguration section */
		8498D8782864ACE100B39BF0 /* Debug */ = {
			isa = XCBuildConfiguration;
			buildSettings = {
				ALWAYS_SEARCH_USER_PATHS = NO;
				CLANG_ANALYZER_NONNULL = YES;
				CLANG_ANALYZER_NUMBER_OBJECT_CONVERSION = YES_AGGRESSIVE;
				CLANG_CXX_LANGUAGE_STANDARD = "gnu++17";
				CLANG_CXX_LIBRARY = "libc++";
				CLANG_ENABLE_MODULES = YES;
				CLANG_ENABLE_OBJC_ARC = YES;
				CLANG_ENABLE_OBJC_WEAK = YES;
				CLANG_WARN_BLOCK_CAPTURE_AUTORELEASING = YES;
				CLANG_WARN_BOOL_CONVERSION = YES;
				CLANG_WARN_COMMA = YES;
				CLANG_WARN_CONSTANT_CONVERSION = YES;
				CLANG_WARN_DEPRECATED_OBJC_IMPLEMENTATIONS = YES;
				CLANG_WARN_DIRECT_OBJC_ISA_USAGE = YES_ERROR;
				CLANG_WARN_DOCUMENTATION_COMMENTS = YES;
				CLANG_WARN_EMPTY_BODY = YES;
				CLANG_WARN_ENUM_CONVERSION = YES;
				CLANG_WARN_INFINITE_RECURSION = YES;
				CLANG_WARN_INT_CONVERSION = YES;
				CLANG_WARN_NON_LITERAL_NULL_CONVERSION = YES;
				CLANG_WARN_OBJC_IMPLICIT_RETAIN_SELF = YES;
				CLANG_WARN_OBJC_LITERAL_CONVERSION = YES;
				CLANG_WARN_OBJC_ROOT_CLASS = YES_ERROR;
				CLANG_WARN_QUOTED_INCLUDE_IN_FRAMEWORK_HEADER = YES;
				CLANG_WARN_RANGE_LOOP_ANALYSIS = YES;
				CLANG_WARN_STRICT_PROTOTYPES = YES;
				CLANG_WARN_SUSPICIOUS_MOVE = YES;
				CLANG_WARN_UNGUARDED_AVAILABILITY = YES_AGGRESSIVE;
				CLANG_WARN_UNREACHABLE_CODE = YES;
				CLANG_WARN__DUPLICATE_METHOD_MATCH = YES;
				COPY_PHASE_STRIP = NO;
				DEBUG_INFORMATION_FORMAT = dwarf;
				ENABLE_STRICT_OBJC_MSGSEND = YES;
				ENABLE_TESTABILITY = YES;
				GCC_C_LANGUAGE_STANDARD = gnu11;
				GCC_DYNAMIC_NO_PIC = NO;
				GCC_NO_COMMON_BLOCKS = YES;
				GCC_OPTIMIZATION_LEVEL = 0;
				GCC_PREPROCESSOR_DEFINITIONS = (
					"DEBUG=1",
					"$(inherited)",
				);
				GCC_WARN_64_TO_32_BIT_CONVERSION = YES;
				GCC_WARN_ABOUT_RETURN_TYPE = YES_ERROR;
				GCC_WARN_UNDECLARED_SELECTOR = YES;
				GCC_WARN_UNINITIALIZED_AUTOS = YES_AGGRESSIVE;
				GCC_WARN_UNUSED_FUNCTION = YES;
				GCC_WARN_UNUSED_VARIABLE = YES;
				IPHONEOS_DEPLOYMENT_TARGET = 13.0;
				MTL_ENABLE_DEBUG_INFO = INCLUDE_SOURCE;
				MTL_FAST_MATH = YES;
				ONLY_ACTIVE_ARCH = YES;
				SDKROOT = iphoneos;
				SWIFT_ACTIVE_COMPILATION_CONDITIONS = DEBUG;
				SWIFT_OPTIMIZATION_LEVEL = "-Onone";
			};
			name = Debug;
		};
		8498D8792864ACE100B39BF0 /* Release */ = {
			isa = XCBuildConfiguration;
			buildSettings = {
				ALWAYS_SEARCH_USER_PATHS = NO;
				CLANG_ANALYZER_NONNULL = YES;
				CLANG_ANALYZER_NUMBER_OBJECT_CONVERSION = YES_AGGRESSIVE;
				CLANG_CXX_LANGUAGE_STANDARD = "gnu++17";
				CLANG_CXX_LIBRARY = "libc++";
				CLANG_ENABLE_MODULES = YES;
				CLANG_ENABLE_OBJC_ARC = YES;
				CLANG_ENABLE_OBJC_WEAK = YES;
				CLANG_WARN_BLOCK_CAPTURE_AUTORELEASING = YES;
				CLANG_WARN_BOOL_CONVERSION = YES;
				CLANG_WARN_COMMA = YES;
				CLANG_WARN_CONSTANT_CONVERSION = YES;
				CLANG_WARN_DEPRECATED_OBJC_IMPLEMENTATIONS = YES;
				CLANG_WARN_DIRECT_OBJC_ISA_USAGE = YES_ERROR;
				CLANG_WARN_DOCUMENTATION_COMMENTS = YES;
				CLANG_WARN_EMPTY_BODY = YES;
				CLANG_WARN_ENUM_CONVERSION = YES;
				CLANG_WARN_INFINITE_RECURSION = YES;
				CLANG_WARN_INT_CONVERSION = YES;
				CLANG_WARN_NON_LITERAL_NULL_CONVERSION = YES;
				CLANG_WARN_OBJC_IMPLICIT_RETAIN_SELF = YES;
				CLANG_WARN_OBJC_LITERAL_CONVERSION = YES;
				CLANG_WARN_OBJC_ROOT_CLASS = YES_ERROR;
				CLANG_WARN_QUOTED_INCLUDE_IN_FRAMEWORK_HEADER = YES;
				CLANG_WARN_RANGE_LOOP_ANALYSIS = YES;
				CLANG_WARN_STRICT_PROTOTYPES = YES;
				CLANG_WARN_SUSPICIOUS_MOVE = YES;
				CLANG_WARN_UNGUARDED_AVAILABILITY = YES_AGGRESSIVE;
				CLANG_WARN_UNREACHABLE_CODE = YES;
				CLANG_WARN__DUPLICATE_METHOD_MATCH = YES;
				COPY_PHASE_STRIP = NO;
				DEBUG_INFORMATION_FORMAT = "dwarf-with-dsym";
				ENABLE_NS_ASSERTIONS = NO;
				ENABLE_STRICT_OBJC_MSGSEND = YES;
				GCC_C_LANGUAGE_STANDARD = gnu11;
				GCC_NO_COMMON_BLOCKS = YES;
				GCC_WARN_64_TO_32_BIT_CONVERSION = YES;
				GCC_WARN_ABOUT_RETURN_TYPE = YES_ERROR;
				GCC_WARN_UNDECLARED_SELECTOR = YES;
				GCC_WARN_UNINITIALIZED_AUTOS = YES_AGGRESSIVE;
				GCC_WARN_UNUSED_FUNCTION = YES;
				GCC_WARN_UNUSED_VARIABLE = YES;
				IPHONEOS_DEPLOYMENT_TARGET = 13.0;
				MTL_ENABLE_DEBUG_INFO = NO;
				MTL_FAST_MATH = YES;
				SDKROOT = iphoneos;
				SWIFT_COMPILATION_MODE = wholemodule;
				SWIFT_OPTIMIZATION_LEVEL = "-O";
				VALIDATE_PRODUCT = YES;
			};
			name = Release;
		};
		8498D87B2864ACE100B39BF0 /* Debug */ = {
			isa = XCBuildConfiguration;
			baseConfigurationReference = E0F497AB0EEED80346BE7DF6 /* Pods-WeatherApp.debug.xcconfig */;
			buildSettings = {
				ASSETCATALOG_COMPILER_APPICON_NAME = AppIcon;
				ASSETCATALOG_COMPILER_GLOBAL_ACCENT_COLOR_NAME = AccentColor;
				CODE_SIGN_STYLE = Automatic;
				CURRENT_PROJECT_VERSION = 1;
				DEVELOPMENT_TEAM = YRQM9HVV5P;
				GENERATE_INFOPLIST_FILE = YES;
				INFOPLIST_FILE = weatherApp/Info.plist;
				INFOPLIST_KEY_NSLocationWhenInUseUsageDescription = "Please provide access to your location data to get teh current weather";
				INFOPLIST_KEY_UIApplicationSupportsIndirectInputEvents = YES;
				INFOPLIST_KEY_UILaunchStoryboardName = LaunchScreen;
				INFOPLIST_KEY_UIMainStoryboardFile = Main;
				INFOPLIST_KEY_UISupportedInterfaceOrientations = UIInterfaceOrientationPortrait;
				INFOPLIST_KEY_UISupportedInterfaceOrientations_iPad = "UIInterfaceOrientationPortrait UIInterfaceOrientationPortraitUpsideDown UIInterfaceOrientationLandscapeLeft UIInterfaceOrientationLandscapeRight";
				INFOPLIST_KEY_UISupportedInterfaceOrientations_iPhone = "UIInterfaceOrientationPortrait UIInterfaceOrientationLandscapeLeft UIInterfaceOrientationLandscapeRight";
				LD_RUNPATH_SEARCH_PATHS = (
					"$(inherited)",
					"@executable_path/Frameworks",
				);
				MARKETING_VERSION = 1.0;
				PRODUCT_BUNDLE_IDENTIFIER = com.jilmon.WeatherApp;
				PRODUCT_NAME = "$(TARGET_NAME)";
				SWIFT_EMIT_LOC_STRINGS = YES;
				SWIFT_VERSION = 5.0;
				TARGETED_DEVICE_FAMILY = 1;
			};
			name = Debug;
		};
		8498D87C2864ACE100B39BF0 /* Release */ = {
			isa = XCBuildConfiguration;
			baseConfigurationReference = CD1F77767B15AE2B2274CC7F /* Pods-WeatherApp.release.xcconfig */;
			buildSettings = {
				ASSETCATALOG_COMPILER_APPICON_NAME = AppIcon;
				ASSETCATALOG_COMPILER_GLOBAL_ACCENT_COLOR_NAME = AccentColor;
				CODE_SIGN_STYLE = Automatic;
				CURRENT_PROJECT_VERSION = 1;
				DEVELOPMENT_TEAM = YRQM9HVV5P;
				GENERATE_INFOPLIST_FILE = YES;
				INFOPLIST_FILE = weatherApp/Info.plist;
				INFOPLIST_KEY_NSLocationWhenInUseUsageDescription = "Please provide access to your location data to get teh current weather";
				INFOPLIST_KEY_UIApplicationSupportsIndirectInputEvents = YES;
				INFOPLIST_KEY_UILaunchStoryboardName = LaunchScreen;
				INFOPLIST_KEY_UIMainStoryboardFile = Main;
				INFOPLIST_KEY_UISupportedInterfaceOrientations = UIInterfaceOrientationPortrait;
				INFOPLIST_KEY_UISupportedInterfaceOrientations_iPad = "UIInterfaceOrientationPortrait UIInterfaceOrientationPortraitUpsideDown UIInterfaceOrientationLandscapeLeft UIInterfaceOrientationLandscapeRight";
				INFOPLIST_KEY_UISupportedInterfaceOrientations_iPhone = "UIInterfaceOrientationPortrait UIInterfaceOrientationLandscapeLeft UIInterfaceOrientationLandscapeRight";
				LD_RUNPATH_SEARCH_PATHS = (
					"$(inherited)",
					"@executable_path/Frameworks",
				);
				MARKETING_VERSION = 1.0;
				PRODUCT_BUNDLE_IDENTIFIER = com.jilmon.WeatherApp;
				PRODUCT_NAME = "$(TARGET_NAME)";
				SWIFT_EMIT_LOC_STRINGS = YES;
				SWIFT_VERSION = 5.0;
				TARGETED_DEVICE_FAMILY = 1;
			};
			name = Release;
		};
		8498D87E2864ACE100B39BF0 /* Debug */ = {
			isa = XCBuildConfiguration;
			baseConfigurationReference = EC0F00FCBDA5A650ACDE39AB /* Pods-WeatherAppTests.debug.xcconfig */;
			buildSettings = {
				ALWAYS_EMBED_SWIFT_STANDARD_LIBRARIES = YES;
				BUNDLE_LOADER = "$(TEST_HOST)";
				CODE_SIGN_STYLE = Automatic;
				CURRENT_PROJECT_VERSION = 1;
				DEVELOPMENT_TEAM = YRQM9HVV5P;
				GENERATE_INFOPLIST_FILE = YES;
				IPHONEOS_DEPLOYMENT_TARGET = 15.2;
				MARKETING_VERSION = 1.0;
				PRODUCT_BUNDLE_IDENTIFIER = jilmon.weatherAppTests;
				PRODUCT_NAME = "$(TARGET_NAME)";
				SWIFT_EMIT_LOC_STRINGS = NO;
				SWIFT_VERSION = 5.0;
				TARGETED_DEVICE_FAMILY = "1,2";
				TEST_HOST = "$(BUILT_PRODUCTS_DIR)/WeatherApp.app/WeatherApp";
			};
			name = Debug;
		};
		8498D87F2864ACE100B39BF0 /* Release */ = {
			isa = XCBuildConfiguration;
			baseConfigurationReference = D75AE4910F4A181E42B55F41 /* Pods-WeatherAppTests.release.xcconfig */;
			buildSettings = {
				ALWAYS_EMBED_SWIFT_STANDARD_LIBRARIES = YES;
				BUNDLE_LOADER = "$(TEST_HOST)";
				CODE_SIGN_STYLE = Automatic;
				CURRENT_PROJECT_VERSION = 1;
				DEVELOPMENT_TEAM = YRQM9HVV5P;
				GENERATE_INFOPLIST_FILE = YES;
				IPHONEOS_DEPLOYMENT_TARGET = 15.2;
				MARKETING_VERSION = 1.0;
				PRODUCT_BUNDLE_IDENTIFIER = jilmon.weatherAppTests;
				PRODUCT_NAME = "$(TARGET_NAME)";
				SWIFT_EMIT_LOC_STRINGS = NO;
				SWIFT_VERSION = 5.0;
				TARGETED_DEVICE_FAMILY = "1,2";
				TEST_HOST = "$(BUILT_PRODUCTS_DIR)/WeatherApp.app/WeatherApp";
			};
			name = Release;
		};
		8498D8812864ACE100B39BF0 /* Debug */ = {
			isa = XCBuildConfiguration;
			baseConfigurationReference = 80CD038C43A037AAA519C89C /* Pods-WeatherApp-WeatherAppUITests.debug.xcconfig */;
			buildSettings = {
				ALWAYS_EMBED_SWIFT_STANDARD_LIBRARIES = YES;
				CODE_SIGN_STYLE = Automatic;
				CURRENT_PROJECT_VERSION = 1;
				DEVELOPMENT_TEAM = YRQM9HVV5P;
				GENERATE_INFOPLIST_FILE = YES;
				MARKETING_VERSION = 1.0;
				PRODUCT_BUNDLE_IDENTIFIER = jilmon.weatherAppUITests;
				PRODUCT_NAME = "$(TARGET_NAME)";
				PROVISIONING_PROFILE = "";
				SWIFT_EMIT_LOC_STRINGS = NO;
				SWIFT_VERSION = 5.0;
				TARGETED_DEVICE_FAMILY = "1,2";
				TEST_TARGET_NAME = WeatherApp;
			};
			name = Debug;
		};
		8498D8822864ACE100B39BF0 /* Release */ = {
			isa = XCBuildConfiguration;
			baseConfigurationReference = 85842944A5597A6A13247B95 /* Pods-WeatherApp-WeatherAppUITests.release.xcconfig */;
			buildSettings = {
				ALWAYS_EMBED_SWIFT_STANDARD_LIBRARIES = YES;
				CODE_SIGN_STYLE = Automatic;
				CURRENT_PROJECT_VERSION = 1;
				DEVELOPMENT_TEAM = YRQM9HVV5P;
				GENERATE_INFOPLIST_FILE = YES;
				MARKETING_VERSION = 1.0;
				PRODUCT_BUNDLE_IDENTIFIER = jilmon.weatherAppUITests;
				PRODUCT_NAME = "$(TARGET_NAME)";
				PROVISIONING_PROFILE = "";
				SWIFT_EMIT_LOC_STRINGS = NO;
				SWIFT_VERSION = 5.0;
				TARGETED_DEVICE_FAMILY = "1,2";
				TEST_TARGET_NAME = WeatherApp;
			};
			name = Release;
		};
/* End XCBuildConfiguration section */

/* Begin XCConfigurationList section */
		8498D84B2864ACDD00B39BF0 /* Build configuration list for PBXProject "WeatherApp" */ = {
			isa = XCConfigurationList;
			buildConfigurations = (
				8498D8782864ACE100B39BF0 /* Debug */,
				8498D8792864ACE100B39BF0 /* Release */,
			);
			defaultConfigurationIsVisible = 0;
			defaultConfigurationName = Release;
		};
		8498D87A2864ACE100B39BF0 /* Build configuration list for PBXNativeTarget "WeatherApp" */ = {
			isa = XCConfigurationList;
			buildConfigurations = (
				8498D87B2864ACE100B39BF0 /* Debug */,
				8498D87C2864ACE100B39BF0 /* Release */,
			);
			defaultConfigurationIsVisible = 0;
			defaultConfigurationName = Release;
		};
		8498D87D2864ACE100B39BF0 /* Build configuration list for PBXNativeTarget "WeatherAppTests" */ = {
			isa = XCConfigurationList;
			buildConfigurations = (
				8498D87E2864ACE100B39BF0 /* Debug */,
				8498D87F2864ACE100B39BF0 /* Release */,
			);
			defaultConfigurationIsVisible = 0;
			defaultConfigurationName = Release;
		};
		8498D8802864ACE100B39BF0 /* Build configuration list for PBXNativeTarget "WeatherAppUITests" */ = {
			isa = XCConfigurationList;
			buildConfigurations = (
				8498D8812864ACE100B39BF0 /* Debug */,
				8498D8822864ACE100B39BF0 /* Release */,
			);
			defaultConfigurationIsVisible = 0;
			defaultConfigurationName = Release;
		};
/* End XCConfigurationList section */
	};
	rootObject = 8498D8482864ACDD00B39BF0 /* Project object */;
}
